
Microsoft Visual Studio Solution File, Format Version 12.00
# Visual Studio 15
VisualStudioVersion = 15.0.27428.2015
MinimumVisualStudioVersion = 10.0.40219.1
Project("{FAE04EC0-301F-11D3-BF4B-00C04F79EFBC}") = "IdentityServer4.OpenAdminUI", "IdentityServer4.OpenAdminUI\IdentityServer4.OpenAdminUI.csproj", "{A8BBC99B-177B-462F-B00F-50AB88E71CC7}"
EndProject
Project("{FAE04EC0-301F-11D3-BF4B-00C04F79EFBC}") = "IdentityServer4.OpenAdminUI.Core", "IdentityServer4.OpenAdminUI.Core\IdentityServer4.OpenAdminUI.Core.csproj", "{004DFD8B-62C4-41F4-A4D6-A5A1D5558DCA}"
EndProject
Project("{FAE04EC0-301F-11D3-BF4B-00C04F79EFBC}") = "IdentityServer4.OpenAdminUI.EntityFramework", "IdentityServer4.OpenAdminUI.EntityFramework\IdentityServer4.OpenAdminUI.EntityFramework.csproj", "{164D5FCD-1227-41C9-8A0E-CEC736CC9505}"
EndProject
Global
	GlobalSection(SolutionConfigurationPlatforms) = preSolution
		Debug|Any CPU = Debug|Any CPU
		Release|Any CPU = Release|Any CPU
	EndGlobalSection
	GlobalSection(ProjectConfigurationPlatforms) = postSolution
		{A8BBC99B-177B-462F-B00F-50AB88E71CC7}.Debug|Any CPU.ActiveCfg = Debug|Any CPU
		{A8BBC99B-177B-462F-B00F-50AB88E71CC7}.Debug|Any CPU.Build.0 = Debug|Any CPU
		{A8BBC99B-177B-462F-B00F-50AB88E71CC7}.Release|Any CPU.ActiveCfg = Release|Any CPU
		{A8BBC99B-177B-462F-B00F-50AB88E71CC7}.Release|Any CPU.Build.0 = Release|Any CPU
		{004DFD8B-62C4-41F4-A4D6-A5A1D5558DCA}.Debug|Any CPU.ActiveCfg = Debug|Any CPU
		{004DFD8B-62C4-41F4-A4D6-A5A1D5558DCA}.Debug|Any CPU.Build.0 = Debug|Any CPU
		{004DFD8B-62C4-41F4-A4D6-A5A1D5558DCA}.Release|Any CPU.ActiveCfg = Release|Any CPU
		{004DFD8B-62C4-41F4-A4D6-A5A1D5558DCA}.Release|Any CPU.Build.0 = Release|Any CPU
		{164D5FCD-1227-41C9-8A0E-CEC736CC9505}.Debug|Any CPU.ActiveCfg = Debug|Any CPU
		{164D5FCD-1227-41C9-8A0E-CEC736CC9505}.Debug|Any CPU.Build.0 = Debug|Any CPU
		{164D5FCD-1227-41C9-8A0E-CEC736CC9505}.Release|Any CPU.ActiveCfg = Release|Any CPU
		{164D5FCD-1227-41C9-8A0E-CEC736CC9505}.Release|Any CPU.Build.0 = Release|Any CPU
	EndGlobalSection
	GlobalSection(SolutionProperties) = preSolution
		HideSolutionNode = FALSE
	EndGlobalSection
	GlobalSection(ExtensibilityGlobals) = postSolution
		SolutionGuid = {3291D15A-0023-4012-8743-A54524903AD5}
	EndGlobalSection
EndGlobal
