
Microsoft Visual Studio Solution File, Format Version 12.00
# Visual Studio Version 16
VisualStudioVersion = 16.0.28803.156
MinimumVisualStudioVersion = 10.0.40219.1
Project("{2150E333-8FDC-42A3-9474-1A3956D46DE8}") = "host", "host", "{BEF06CAD-D110-4A02-BCED-9B1022889499}"
EndProject
Project("{2150E333-8FDC-42A3-9474-1A3956D46DE8}") = "src", "src", "{1BDDBC19-3B6C-4715-A6A3-CB1EAD9E489F}"
EndProject
Project("{2150E333-8FDC-42A3-9474-1A3956D46DE8}") = ".readme", ".readme", "{9CAFFF84-2746-48A9-9A63-08D51FC7F12A}"
	ProjectSection(SolutionItems) = preProject
		LICENSE = LICENSE
		README.md = README.md
	EndProjectSection
EndProject
Project("{2150E333-8FDC-42A3-9474-1A3956D46DE8}") = ".build", ".build", "{71AA992C-72AB-48AD-A56A-814E0B0263F1}"
	ProjectSection(SolutionItems) = preProject
		azure-pipelines.yaml = azure-pipelines.yaml
		build.cmd = build.cmd
		build.ps1 = build.ps1
	EndProjectSection
EndProject
Project("{9A19103F-16F7-4668-BE54-9A1E7A4F7556}") = "IdentityServer4.Host", "host\Host\IdentityServer4.Host.csproj", "{EBCC6814-A2D1-4EC5-B505-A9A78A18508E}"
EndProject
Project("{9A19103F-16F7-4668-BE54-9A1E7A4F7556}") = "IdentityServer4.OpenAdmin.API", "src\API\IdentityServer4.OpenAdmin.API.csproj", "{21CED690-78CD-41AC-942B-3B1D5E5A4AB4}"
EndProject
Project("{9A19103F-16F7-4668-BE54-9A1E7A4F7556}") = "IdentityServer4.OpenAdmin.AspNetIdentity", "src\AspNetIdentity\IdentityServer4.OpenAdmin.AspNetIdentity.csproj", "{1C4BEB3B-8ED3-4566-80F1-FC627B7A500F}"
EndProject
Project("{9A19103F-16F7-4668-BE54-9A1E7A4F7556}") = "IdentityServer4.OpenAdmin.Core", "src\Core\IdentityServer4.OpenAdmin.Core.csproj", "{B91F80F2-18B4-4F82-9598-EAB38771EA38}"
EndProject
Project("{9A19103F-16F7-4668-BE54-9A1E7A4F7556}") = "IdentityServer4.OpenAdmin.InMemory", "src\InMemory\IdentityServer4.OpenAdmin.InMemory.csproj", "{E76C168F-E8F2-4453-BFB6-42EB6FB56ADC}"
EndProject
Project("{9A19103F-16F7-4668-BE54-9A1E7A4F7556}") = "IdentityServer4.OpenAdmin.UI", "src\UI\IdentityServer4.OpenAdmin.UI.csproj", "{DFD56BAE-BD77-42B0-B63D-01CEC5D7A813}"
EndProject
Project("{9A19103F-16F7-4668-BE54-9A1E7A4F7556}") = "IdentityServer4.OpenAdmin.EntityFramework", "src\EntityFramework\IdentityServer4.OpenAdmin.EntityFramework.csproj", "{FD0401D2-D8BF-4146-8B38-A3CC7978642D}"
EndProject
Project("{FAE04EC0-301F-11D3-BF4B-00C04F79EFBC}") = "IdentityServer4.OpenAdmin.API.Shared", "src\API.Shared\IdentityServer4.OpenAdmin.API.Shared.csproj", "{FB47B6F0-B335-44A4-9343-FB593C82F0CC}"
EndProject
Project("{FAE04EC0-301F-11D3-BF4B-00C04F79EFBC}") = "IdentityServer4.OpenAdmin.BlazorClient", "src\Client\IdentityServer4.OpenAdmin.BlazorClient.csproj", "{2B92A40A-8A8F-452F-BC0B-761778A76391}"
EndProject
Global
	GlobalSection(SolutionConfigurationPlatforms) = preSolution
		Debug|Any CPU = Debug|Any CPU
		Release|Any CPU = Release|Any CPU
	EndGlobalSection
	GlobalSection(ProjectConfigurationPlatforms) = postSolution
		{EBCC6814-A2D1-4EC5-B505-A9A78A18508E}.Debug|Any CPU.ActiveCfg = Debug|Any CPU
		{EBCC6814-A2D1-4EC5-B505-A9A78A18508E}.Debug|Any CPU.Build.0 = Debug|Any CPU
		{EBCC6814-A2D1-4EC5-B505-A9A78A18508E}.Release|Any CPU.ActiveCfg = Release|Any CPU
		{EBCC6814-A2D1-4EC5-B505-A9A78A18508E}.Release|Any CPU.Build.0 = Release|Any CPU
		{21CED690-78CD-41AC-942B-3B1D5E5A4AB4}.Debug|Any CPU.ActiveCfg = Debug|Any CPU
		{21CED690-78CD-41AC-942B-3B1D5E5A4AB4}.Debug|Any CPU.Build.0 = Debug|Any CPU
		{21CED690-78CD-41AC-942B-3B1D5E5A4AB4}.Release|Any CPU.ActiveCfg = Release|Any CPU
		{21CED690-78CD-41AC-942B-3B1D5E5A4AB4}.Release|Any CPU.Build.0 = Release|Any CPU
		{1C4BEB3B-8ED3-4566-80F1-FC627B7A500F}.Debug|Any CPU.ActiveCfg = Debug|Any CPU
		{1C4BEB3B-8ED3-4566-80F1-FC627B7A500F}.Debug|Any CPU.Build.0 = Debug|Any CPU
		{1C4BEB3B-8ED3-4566-80F1-FC627B7A500F}.Release|Any CPU.ActiveCfg = Release|Any CPU
		{1C4BEB3B-8ED3-4566-80F1-FC627B7A500F}.Release|Any CPU.Build.0 = Release|Any CPU
		{B91F80F2-18B4-4F82-9598-EAB38771EA38}.Debug|Any CPU.ActiveCfg = Debug|Any CPU
		{B91F80F2-18B4-4F82-9598-EAB38771EA38}.Debug|Any CPU.Build.0 = Debug|Any CPU
		{B91F80F2-18B4-4F82-9598-EAB38771EA38}.Release|Any CPU.ActiveCfg = Release|Any CPU
		{B91F80F2-18B4-4F82-9598-EAB38771EA38}.Release|Any CPU.Build.0 = Release|Any CPU
		{E76C168F-E8F2-4453-BFB6-42EB6FB56ADC}.Debug|Any CPU.ActiveCfg = Debug|Any CPU
		{E76C168F-E8F2-4453-BFB6-42EB6FB56ADC}.Debug|Any CPU.Build.0 = Debug|Any CPU
		{E76C168F-E8F2-4453-BFB6-42EB6FB56ADC}.Release|Any CPU.ActiveCfg = Release|Any CPU
		{E76C168F-E8F2-4453-BFB6-42EB6FB56ADC}.Release|Any CPU.Build.0 = Release|Any CPU
		{DFD56BAE-BD77-42B0-B63D-01CEC5D7A813}.Debug|Any CPU.ActiveCfg = Debug|Any CPU
		{DFD56BAE-BD77-42B0-B63D-01CEC5D7A813}.Debug|Any CPU.Build.0 = Debug|Any CPU
		{DFD56BAE-BD77-42B0-B63D-01CEC5D7A813}.Release|Any CPU.ActiveCfg = Release|Any CPU
		{DFD56BAE-BD77-42B0-B63D-01CEC5D7A813}.Release|Any CPU.Build.0 = Release|Any CPU
		{FD0401D2-D8BF-4146-8B38-A3CC7978642D}.Debug|Any CPU.ActiveCfg = Debug|Any CPU
		{FD0401D2-D8BF-4146-8B38-A3CC7978642D}.Debug|Any CPU.Build.0 = Debug|Any CPU
		{FD0401D2-D8BF-4146-8B38-A3CC7978642D}.Release|Any CPU.ActiveCfg = Release|Any CPU
		{FD0401D2-D8BF-4146-8B38-A3CC7978642D}.Release|Any CPU.Build.0 = Release|Any CPU
		{FB47B6F0-B335-44A4-9343-FB593C82F0CC}.Debug|Any CPU.ActiveCfg = Debug|Any CPU
		{FB47B6F0-B335-44A4-9343-FB593C82F0CC}.Debug|Any CPU.Build.0 = Debug|Any CPU
		{FB47B6F0-B335-44A4-9343-FB593C82F0CC}.Release|Any CPU.ActiveCfg = Release|Any CPU
		{FB47B6F0-B335-44A4-9343-FB593C82F0CC}.Release|Any CPU.Build.0 = Release|Any CPU
		{2B92A40A-8A8F-452F-BC0B-761778A76391}.Debug|Any CPU.ActiveCfg = Debug|Any CPU
		{2B92A40A-8A8F-452F-BC0B-761778A76391}.Debug|Any CPU.Build.0 = Debug|Any CPU
		{2B92A40A-8A8F-452F-BC0B-761778A76391}.Release|Any CPU.ActiveCfg = Release|Any CPU
		{2B92A40A-8A8F-452F-BC0B-761778A76391}.Release|Any CPU.Build.0 = Release|Any CPU
	EndGlobalSection
	GlobalSection(SolutionProperties) = preSolution
		HideSolutionNode = FALSE
	EndGlobalSection
	GlobalSection(NestedProjects) = preSolution
		{EBCC6814-A2D1-4EC5-B505-A9A78A18508E} = {BEF06CAD-D110-4A02-BCED-9B1022889499}
		{21CED690-78CD-41AC-942B-3B1D5E5A4AB4} = {1BDDBC19-3B6C-4715-A6A3-CB1EAD9E489F}
		{1C4BEB3B-8ED3-4566-80F1-FC627B7A500F} = {1BDDBC19-3B6C-4715-A6A3-CB1EAD9E489F}
		{B91F80F2-18B4-4F82-9598-EAB38771EA38} = {1BDDBC19-3B6C-4715-A6A3-CB1EAD9E489F}
		{E76C168F-E8F2-4453-BFB6-42EB6FB56ADC} = {1BDDBC19-3B6C-4715-A6A3-CB1EAD9E489F}
		{DFD56BAE-BD77-42B0-B63D-01CEC5D7A813} = {1BDDBC19-3B6C-4715-A6A3-CB1EAD9E489F}
		{FD0401D2-D8BF-4146-8B38-A3CC7978642D} = {1BDDBC19-3B6C-4715-A6A3-CB1EAD9E489F}
		{FB47B6F0-B335-44A4-9343-FB593C82F0CC} = {1BDDBC19-3B6C-4715-A6A3-CB1EAD9E489F}
		{2B92A40A-8A8F-452F-BC0B-761778A76391} = {1BDDBC19-3B6C-4715-A6A3-CB1EAD9E489F}
	EndGlobalSection
	GlobalSection(ExtensibilityGlobals) = postSolution
		SolutionGuid = {3291D15A-0023-4012-8743-A54524903AD5}
	EndGlobalSection
EndGlobal
